{
  "pins" : [
    {
      "identity" : "inject",
      "kind" : "remoteSourceControl",
      "location" : "https://github.com/krzysztofzablocki/Inject.git",
      "state" : {
        "revision" : "abcc4b091fd384cfd09b149a60298b75dc87c5b9",
        "version" : "1.2.3"
      }
    },
    {
      "identity" : "skeletonui",
      "kind" : "remoteSourceControl",
      "location" : "https://github.com/CSolanaM/SkeletonUI.git",
      "state" : {
        "branch" : "master",
        "revision" : "98225dbb0459477dfeac063e1c7d0750102325d1"
      }
    },
    {
      "identity" : "swift-snapshot-testing",
      "kind" : "remoteSourceControl",
      "location" : "https://github.com/pointfreeco/swift-snapshot-testing",
      "state" : {
        "revision" : "cef5b3f6f11781dd4591bdd1dd0a3d22bd609334",
        "version" : "1.11.0"
      }
    },
    {
      "identity" : "swiftyjson",
      "kind" : "remoteSourceControl",
      "location" : "https://github.com/SwiftyJSON/SwiftyJSON.git",
      "state" : {
        "revision" : "b3dcd7dbd0d488e1a7077cb33b00f2083e382f07",
        "version" : "5.0.1"
      }
    }
  ],
  "version" : 2
}
